
Microsoft Visual Studio Solution File, Format Version 12.00
# Visual Studio 15
VisualStudioVersion = 15.0.27004.2010
MinimumVisualStudioVersion = 10.0.40219.1
Project("{888888A0-9F3D-457C-B088-3A5042F75D52}") = "bt_community", "bt_community.pyproj", "{D10FAF4D-2D1D-4A3E-B078-BD66923F6FE6}"
EndProject
Global
	GlobalSection(SolutionConfigurationPlatforms) = preSolution
		Debug|Any CPU = Debug|Any CPU
		Release|Any CPU = Release|Any CPU
	EndGlobalSection
	GlobalSection(ProjectConfigurationPlatforms) = postSolution
		{D10FAF4D-2D1D-4A3E-B078-BD66923F6FE6}.Debug|Any CPU.ActiveCfg = Debug|Any CPU
		{D10FAF4D-2D1D-4A3E-B078-BD66923F6FE6}.Release|Any CPU.ActiveCfg = Release|Any CPU
	EndGlobalSection
	GlobalSection(SolutionProperties) = preSolution
		HideSolutionNode = FALSE
	EndGlobalSection
	GlobalSection(ExtensibilityGlobals) = postSolution
		SolutionGuid = {80E55AA3-A0D5-45F9-85C5-FA8B6D8A514E}
	EndGlobalSection
EndGlobal
